
Microsoft Visual Studio Solution File, Format Version 12.00
# Visual Studio Version 17
VisualStudioVersion = 17.3.32929.385
MinimumVisualStudioVersion = 10.0.40219.1
Project("{9A19103F-16F7-4668-BE54-9A1E7A4F7556}") = "ContactManager", "ContactManager.csproj", "{ACEE6D81-6DCE-450F-8227-67EBC6BCF866}"
EndProject
Project("{9A19103F-16F7-4668-BE54-9A1E7A4F7556}") = "Data", "..\Data\Data.csproj", "{31668C38-54CD-49AC-9CD5-417388BCD714}"
EndProject
Project("{9A19103F-16F7-4668-BE54-9A1E7A4F7556}") = "Serialisation", "..\Serialisation\Serialisation.csproj", "{8A790E00-49CE-4477-B32D-9BF15B3736E1}"
EndProject
Project("{FAE04EC0-301F-11D3-BF4B-00C04F79EFBC}") = "Config", "..\Helper\Config.csproj", "{D6FA0074-C922-4CB0-9B8D-5A51EBFB8F3B}"
EndProject
Global
	GlobalSection(SolutionConfigurationPlatforms) = preSolution
		Debug|Any CPU = Debug|Any CPU
		Release|Any CPU = Release|Any CPU
	EndGlobalSection
	GlobalSection(ProjectConfigurationPlatforms) = postSolution
		{ACEE6D81-6DCE-450F-8227-67EBC6BCF866}.Debug|Any CPU.ActiveCfg = Debug|Any CPU
		{ACEE6D81-6DCE-450F-8227-67EBC6BCF866}.Debug|Any CPU.Build.0 = Debug|Any CPU
		{ACEE6D81-6DCE-450F-8227-67EBC6BCF866}.Release|Any CPU.ActiveCfg = Release|Any CPU
		{ACEE6D81-6DCE-450F-8227-67EBC6BCF866}.Release|Any CPU.Build.0 = Release|Any CPU
		{31668C38-54CD-49AC-9CD5-417388BCD714}.Debug|Any CPU.ActiveCfg = Debug|Any CPU
		{31668C38-54CD-49AC-9CD5-417388BCD714}.Debug|Any CPU.Build.0 = Debug|Any CPU
		{31668C38-54CD-49AC-9CD5-417388BCD714}.Release|Any CPU.ActiveCfg = Release|Any CPU
		{31668C38-54CD-49AC-9CD5-417388BCD714}.Release|Any CPU.Build.0 = Release|Any CPU
		{8A790E00-49CE-4477-B32D-9BF15B3736E1}.Debug|Any CPU.ActiveCfg = Debug|Any CPU
		{8A790E00-49CE-4477-B32D-9BF15B3736E1}.Debug|Any CPU.Build.0 = Debug|Any CPU
		{8A790E00-49CE-4477-B32D-9BF15B3736E1}.Release|Any CPU.ActiveCfg = Release|Any CPU
		{8A790E00-49CE-4477-B32D-9BF15B3736E1}.Release|Any CPU.Build.0 = Release|Any CPU
		{D6FA0074-C922-4CB0-9B8D-5A51EBFB8F3B}.Debug|Any CPU.ActiveCfg = Debug|Any CPU
		{D6FA0074-C922-4CB0-9B8D-5A51EBFB8F3B}.Debug|Any CPU.Build.0 = Debug|Any CPU
		{D6FA0074-C922-4CB0-9B8D-5A51EBFB8F3B}.Release|Any CPU.ActiveCfg = Release|Any CPU
		{D6FA0074-C922-4CB0-9B8D-5A51EBFB8F3B}.Release|Any CPU.Build.0 = Release|Any CPU
	EndGlobalSection
	GlobalSection(SolutionProperties) = preSolution
		HideSolutionNode = FALSE
	EndGlobalSection
	GlobalSection(ExtensibilityGlobals) = postSolution
		SolutionGuid = {69936955-A1CC-47B0-90FF-011950A60000}
	EndGlobalSection
EndGlobal
